// !$*UTF8*$!
{
	archiveVersion = 1;
	classes = {
	};
	objectVersion = 50;
	objects = {

/* Begin PBXBuildFile section */
		66FF910A441AD01765C08642 /* Pods_RxSwiftSample.framework in Frameworks */ = {isa = PBXBuildFile; fileRef = F5C60E788D5636106B429F7A /* Pods_RxSwiftSample.framework */; };
		6CCE61E3DAB414F277C58CD5 /* Pods_RxSwiftSampleUITests.framework in Frameworks */ = {isa = PBXBuildFile; fileRef = 5478667400D25BF6F4B520BE /* Pods_RxSwiftSampleUITests.framework */; };
		74CA9262E07305DF23492C8E /* Pods_RxSwiftSampleTests.framework in Frameworks */ = {isa = PBXBuildFile; fileRef = 4F8177424BF5A0B173D36AA7 /* Pods_RxSwiftSampleTests.framework */; };
		F309778A20B25B4000059133 /* Navigator.swift in Sources */ = {isa = PBXBuildFile; fileRef = F309778920B25B4000059133 /* Navigator.swift */; };
		F32663E720B39FDD00CC63B7 /* Storyboard+Utility.swift in Sources */ = {isa = PBXBuildFile; fileRef = F32663E620B39FDD00CC63B7 /* Storyboard+Utility.swift */; };
		F352817720B1171A00ED16BB /* GithubAccount.swift in Sources */ = {isa = PBXBuildFile; fileRef = F352817620B1171A00ED16BB /* GithubAccount.swift */; };
		F3563CDD20A2E94D0030810F /* AppDelegate.swift in Sources */ = {isa = PBXBuildFile; fileRef = F3563CDC20A2E94D0030810F /* AppDelegate.swift */; };
		F3563CDF20A2E94D0030810F /* ViewController.swift in Sources */ = {isa = PBXBuildFile; fileRef = F3563CDE20A2E94D0030810F /* ViewController.swift */; };
		F3563CE220A2E94D0030810F /* Main.storyboard in Resources */ = {isa = PBXBuildFile; fileRef = F3563CE020A2E94D0030810F /* Main.storyboard */; };
		F3563CE420A2E94E0030810F /* Assets.xcassets in Resources */ = {isa = PBXBuildFile; fileRef = F3563CE320A2E94E0030810F /* Assets.xcassets */; };
		F3563CE720A2E94E0030810F /* LaunchScreen.storyboard in Resources */ = {isa = PBXBuildFile; fileRef = F3563CE520A2E94E0030810F /* LaunchScreen.storyboard */; };
		F3563CF220A2E94F0030810F /* RxSwiftSampleTests.swift in Sources */ = {isa = PBXBuildFile; fileRef = F3563CF120A2E94F0030810F /* RxSwiftSampleTests.swift */; };
		F3563CFD20A2E94F0030810F /* RxSwiftSampleUITests.swift in Sources */ = {isa = PBXBuildFile; fileRef = F3563CFC20A2E94F0030810F /* RxSwiftSampleUITests.swift */; };
		F35978B420A5806C00791244 /* ViewModel.swift in Sources */ = {isa = PBXBuildFile; fileRef = F35978B320A5806C00791244 /* ViewModel.swift */; };
		F37A47C320A72D8E007C57C7 /* Event.swift in Sources */ = {isa = PBXBuildFile; fileRef = F37A47C220A72D8E007C57C7 /* Event.swift */; };
		F392F1AF20AD841B00E88B10 /* EventsFetcher.swift in Sources */ = {isa = PBXBuildFile; fileRef = F392F1AE20AD841B00E88B10 /* EventsFetcher.swift */; };
		F3F0995020C8B86C0019099F /* EventCellView.swift in Sources */ = {isa = PBXBuildFile; fileRef = F3F0994F20C8B86C0019099F /* EventCellView.swift */; };
		F3FB275220AAA5DD00BD3F35 /* GithubAPI.swift in Sources */ = {isa = PBXBuildFile; fileRef = F3FB275120AAA5DD00BD3F35 /* GithubAPI.swift */; };
/* End PBXBuildFile section */

/* Begin PBXContainerItemProxy section */
		F3563CEE20A2E94F0030810F /* PBXContainerItemProxy */ = {
			isa = PBXContainerItemProxy;
			containerPortal = F3563CD120A2E94D0030810F /* Project object */;
			proxyType = 1;
			remoteGlobalIDString = F3563CD820A2E94D0030810F;
			remoteInfo = RxSwiftSample;
		};
		F3563CF920A2E94F0030810F /* PBXContainerItemProxy */ = {
			isa = PBXContainerItemProxy;
			containerPortal = F3563CD120A2E94D0030810F /* Project object */;
			proxyType = 1;
			remoteGlobalIDString = F3563CD820A2E94D0030810F;
			remoteInfo = RxSwiftSample;
		};
/* End PBXContainerItemProxy section */

/* Begin PBXFileReference section */
		094A8D6C7019A85A2B9F37BE /* Pods-RxSwiftSample.release.xcconfig */ = {isa = PBXFileReference; includeInIndex = 1; lastKnownFileType = text.xcconfig; name = "Pods-RxSwiftSample.release.xcconfig"; path = "Pods/Target Support Files/Pods-RxSwiftSample/Pods-RxSwiftSample.release.xcconfig"; sourceTree = "<group>"; };
		208E9246876E17797356FCBD /* Pods-RxSwiftSampleTests.debug.xcconfig */ = {isa = PBXFileReference; includeInIndex = 1; lastKnownFileType = text.xcconfig; name = "Pods-RxSwiftSampleTests.debug.xcconfig"; path = "Pods/Target Support Files/Pods-RxSwiftSampleTests/Pods-RxSwiftSampleTests.debug.xcconfig"; sourceTree = "<group>"; };
		4F8177424BF5A0B173D36AA7 /* Pods_RxSwiftSampleTests.framework */ = {isa = PBXFileReference; explicitFileType = wrapper.framework; includeInIndex = 0; path = Pods_RxSwiftSampleTests.framework; sourceTree = BUILT_PRODUCTS_DIR; };
		5478667400D25BF6F4B520BE /* Pods_RxSwiftSampleUITests.framework */ = {isa = PBXFileReference; explicitFileType = wrapper.framework; includeInIndex = 0; path = Pods_RxSwiftSampleUITests.framework; sourceTree = BUILT_PRODUCTS_DIR; };
		718EE31FE6B1C99C730ADB4C /* Pods-RxSwiftSample.debug.xcconfig */ = {isa = PBXFileReference; includeInIndex = 1; lastKnownFileType = text.xcconfig; name = "Pods-RxSwiftSample.debug.xcconfig"; path = "Pods/Target Support Files/Pods-RxSwiftSample/Pods-RxSwiftSample.debug.xcconfig"; sourceTree = "<group>"; };
		8407347FF30B078951460719 /* Pods-RxSwiftSampleUITests.release.xcconfig */ = {isa = PBXFileReference; includeInIndex = 1; lastKnownFileType = text.xcconfig; name = "Pods-RxSwiftSampleUITests.release.xcconfig"; path = "Pods/Target Support Files/Pods-RxSwiftSampleUITests/Pods-RxSwiftSampleUITests.release.xcconfig"; sourceTree = "<group>"; };
		B02EC42DA8531F123E121F16 /* Pods-RxSwiftSampleUITests.debug.xcconfig */ = {isa = PBXFileReference; includeInIndex = 1; lastKnownFileType = text.xcconfig; name = "Pods-RxSwiftSampleUITests.debug.xcconfig"; path = "Pods/Target Support Files/Pods-RxSwiftSampleUITests/Pods-RxSwiftSampleUITests.debug.xcconfig"; sourceTree = "<group>"; };
		EED89FB37637092176B70D46 /* Pods-RxSwiftSampleTests.release.xcconfig */ = {isa = PBXFileReference; includeInIndex = 1; lastKnownFileType = text.xcconfig; name = "Pods-RxSwiftSampleTests.release.xcconfig"; path = "Pods/Target Support Files/Pods-RxSwiftSampleTests/Pods-RxSwiftSampleTests.release.xcconfig"; sourceTree = "<group>"; };
		F309778920B25B4000059133 /* Navigator.swift */ = {isa = PBXFileReference; lastKnownFileType = sourcecode.swift; path = Navigator.swift; sourceTree = "<group>"; };
		F32663E620B39FDD00CC63B7 /* Storyboard+Utility.swift */ = {isa = PBXFileReference; lastKnownFileType = sourcecode.swift; path = "Storyboard+Utility.swift"; sourceTree = "<group>"; };
		F352817620B1171A00ED16BB /* GithubAccount.swift */ = {isa = PBXFileReference; lastKnownFileType = sourcecode.swift; path = GithubAccount.swift; sourceTree = "<group>"; };
		F3563CD920A2E94D0030810F /* RxSwiftSample.app */ = {isa = PBXFileReference; explicitFileType = wrapper.application; includeInIndex = 0; path = RxSwiftSample.app; sourceTree = BUILT_PRODUCTS_DIR; };
		F3563CDC20A2E94D0030810F /* AppDelegate.swift */ = {isa = PBXFileReference; lastKnownFileType = sourcecode.swift; path = AppDelegate.swift; sourceTree = "<group>"; };
		F3563CDE20A2E94D0030810F /* ViewController.swift */ = {isa = PBXFileReference; lastKnownFileType = sourcecode.swift; path = ViewController.swift; sourceTree = "<group>"; };
		F3563CE120A2E94D0030810F /* Base */ = {isa = PBXFileReference; lastKnownFileType = file.storyboard; name = Base; path = Base.lproj/Main.storyboard; sourceTree = "<group>"; };
		F3563CE320A2E94E0030810F /* Assets.xcassets */ = {isa = PBXFileReference; lastKnownFileType = folder.assetcatalog; path = Assets.xcassets; sourceTree = "<group>"; };
		F3563CE620A2E94E0030810F /* Base */ = {isa = PBXFileReference; lastKnownFileType = file.storyboard; name = Base; path = Base.lproj/LaunchScreen.storyboard; sourceTree = "<group>"; };
		F3563CE820A2E94F0030810F /* Info.plist */ = {isa = PBXFileReference; lastKnownFileType = text.plist.xml; path = Info.plist; sourceTree = "<group>"; };
		F3563CED20A2E94F0030810F /* RxSwiftSampleTests.xctest */ = {isa = PBXFileReference; explicitFileType = wrapper.cfbundle; includeInIndex = 0; path = RxSwiftSampleTests.xctest; sourceTree = BUILT_PRODUCTS_DIR; };
		F3563CF120A2E94F0030810F /* RxSwiftSampleTests.swift */ = {isa = PBXFileReference; lastKnownFileType = sourcecode.swift; path = RxSwiftSampleTests.swift; sourceTree = "<group>"; };
		F3563CF320A2E94F0030810F /* Info.plist */ = {isa = PBXFileReference; lastKnownFileType = text.plist.xml; path = Info.plist; sourceTree = "<group>"; };
		F3563CF820A2E94F0030810F /* RxSwiftSampleUITests.xctest */ = {isa = PBXFileReference; explicitFileType = wrapper.cfbundle; includeInIndex = 0; path = RxSwiftSampleUITests.xctest; sourceTree = BUILT_PRODUCTS_DIR; };
		F3563CFC20A2E94F0030810F /* RxSwiftSampleUITests.swift */ = {isa = PBXFileReference; lastKnownFileType = sourcecode.swift; path = RxSwiftSampleUITests.swift; sourceTree = "<group>"; };
		F3563CFE20A2E94F0030810F /* Info.plist */ = {isa = PBXFileReference; lastKnownFileType = text.plist.xml; path = Info.plist; sourceTree = "<group>"; };
		F35978B320A5806C00791244 /* ViewModel.swift */ = {isa = PBXFileReference; lastKnownFileType = sourcecode.swift; path = ViewModel.swift; sourceTree = "<group>"; };
		F37A47C220A72D8E007C57C7 /* Event.swift */ = {isa = PBXFileReference; lastKnownFileType = sourcecode.swift; path = Event.swift; sourceTree = "<group>"; };
		F392F1AE20AD841B00E88B10 /* EventsFetcher.swift */ = {isa = PBXFileReference; lastKnownFileType = sourcecode.swift; path = EventsFetcher.swift; sourceTree = "<group>"; };
		F3F0994F20C8B86C0019099F /* EventCellView.swift */ = {isa = PBXFileReference; lastKnownFileType = sourcecode.swift; path = EventCellView.swift; sourceTree = "<group>"; };
		F3FB275120AAA5DD00BD3F35 /* GithubAPI.swift */ = {isa = PBXFileReference; lastKnownFileType = sourcecode.swift; path = GithubAPI.swift; sourceTree = "<group>"; };
		F5C60E788D5636106B429F7A /* Pods_RxSwiftSample.framework */ = {isa = PBXFileReference; explicitFileType = wrapper.framework; includeInIndex = 0; path = Pods_RxSwiftSample.framework; sourceTree = BUILT_PRODUCTS_DIR; };
/* End PBXFileReference section */

/* Begin PBXFrameworksBuildPhase section */
		F3563CD620A2E94D0030810F /* Frameworks */ = {
			isa = PBXFrameworksBuildPhase;
			buildActionMask = 2147483647;
			files = (
				66FF910A441AD01765C08642 /* Pods_RxSwiftSample.framework in Frameworks */,
			);
			runOnlyForDeploymentPostprocessing = 0;
		};
		F3563CEA20A2E94F0030810F /* Frameworks */ = {
			isa = PBXFrameworksBuildPhase;
			buildActionMask = 2147483647;
			files = (
				74CA9262E07305DF23492C8E /* Pods_RxSwiftSampleTests.framework in Frameworks */,
			);
			runOnlyForDeploymentPostprocessing = 0;
		};
		F3563CF520A2E94F0030810F /* Frameworks */ = {
			isa = PBXFrameworksBuildPhase;
			buildActionMask = 2147483647;
			files = (
				6CCE61E3DAB414F277C58CD5 /* Pods_RxSwiftSampleUITests.framework in Frameworks */,
			);
			runOnlyForDeploymentPostprocessing = 0;
		};
/* End PBXFrameworksBuildPhase section */

/* Begin PBXGroup section */
		79CBE67FEE7D18BDC5490FA9 /* Frameworks */ = {
			isa = PBXGroup;
			children = (
				F5C60E788D5636106B429F7A /* Pods_RxSwiftSample.framework */,
				4F8177424BF5A0B173D36AA7 /* Pods_RxSwiftSampleTests.framework */,
				5478667400D25BF6F4B520BE /* Pods_RxSwiftSampleUITests.framework */,
			);
			name = Frameworks;
			sourceTree = "<group>";
		};
		B6BF9511F5D431B6EE3F89AB /* Pods */ = {
			isa = PBXGroup;
			children = (
				718EE31FE6B1C99C730ADB4C /* Pods-RxSwiftSample.debug.xcconfig */,
				094A8D6C7019A85A2B9F37BE /* Pods-RxSwiftSample.release.xcconfig */,
				208E9246876E17797356FCBD /* Pods-RxSwiftSampleTests.debug.xcconfig */,
				EED89FB37637092176B70D46 /* Pods-RxSwiftSampleTests.release.xcconfig */,
				B02EC42DA8531F123E121F16 /* Pods-RxSwiftSampleUITests.debug.xcconfig */,
				8407347FF30B078951460719 /* Pods-RxSwiftSampleUITests.release.xcconfig */,
			);
			name = Pods;
			sourceTree = "<group>";
		};
		F3563CD020A2E94D0030810F = {
			isa = PBXGroup;
			children = (
				F3563CDB20A2E94D0030810F /* RxSwiftSample */,
				F3563CF020A2E94F0030810F /* RxSwiftSampleTests */,
				F3563CFB20A2E94F0030810F /* RxSwiftSampleUITests */,
				F3563CDA20A2E94D0030810F /* Products */,
				B6BF9511F5D431B6EE3F89AB /* Pods */,
				79CBE67FEE7D18BDC5490FA9 /* Frameworks */,
			);
			sourceTree = "<group>";
		};
		F3563CDA20A2E94D0030810F /* Products */ = {
			isa = PBXGroup;
			children = (
				F3563CD920A2E94D0030810F /* RxSwiftSample.app */,
				F3563CED20A2E94F0030810F /* RxSwiftSampleTests.xctest */,
				F3563CF820A2E94F0030810F /* RxSwiftSampleUITests.xctest */,
			);
			name = Products;
			sourceTree = "<group>";
		};
		F3563CDB20A2E94D0030810F /* RxSwiftSample */ = {
			isa = PBXGroup;
			children = (
				F3563CDC20A2E94D0030810F /* AppDelegate.swift */,
				F3563CDE20A2E94D0030810F /* ViewController.swift */,
				F35978B320A5806C00791244 /* ViewModel.swift */,
				F3563CE020A2E94D0030810F /* Main.storyboard */,
				F3563CE320A2E94E0030810F /* Assets.xcassets */,
				F3563CE520A2E94E0030810F /* LaunchScreen.storyboard */,
				F3563CE820A2E94F0030810F /* Info.plist */,
				F37A47C220A72D8E007C57C7 /* Event.swift */,
				F3FB275120AAA5DD00BD3F35 /* GithubAPI.swift */,
				F392F1AE20AD841B00E88B10 /* EventsFetcher.swift */,
				F352817620B1171A00ED16BB /* GithubAccount.swift */,
				F309778920B25B4000059133 /* Navigator.swift */,
				F32663E620B39FDD00CC63B7 /* Storyboard+Utility.swift */,
				F3F0994F20C8B86C0019099F /* EventCellView.swift */,
			);
			path = RxSwiftSample;
			sourceTree = "<group>";
		};
		F3563CF020A2E94F0030810F /* RxSwiftSampleTests */ = {
			isa = PBXGroup;
			children = (
				F3563CF120A2E94F0030810F /* RxSwiftSampleTests.swift */,
				F3563CF320A2E94F0030810F /* Info.plist */,
			);
			path = RxSwiftSampleTests;
			sourceTree = "<group>";
		};
		F3563CFB20A2E94F0030810F /* RxSwiftSampleUITests */ = {
			isa = PBXGroup;
			children = (
				F3563CFC20A2E94F0030810F /* RxSwiftSampleUITests.swift */,
				F3563CFE20A2E94F0030810F /* Info.plist */,
			);
			path = RxSwiftSampleUITests;
			sourceTree = "<group>";
		};
/* End PBXGroup section */

/* Begin PBXNativeTarget section */
		F3563CD820A2E94D0030810F /* RxSwiftSample */ = {
			isa = PBXNativeTarget;
			buildConfigurationList = F3563D0120A2E94F0030810F /* Build configuration list for PBXNativeTarget "RxSwiftSample" */;
			buildPhases = (
				76354D9804B707CB0A18D16C /* [CP] Check Pods Manifest.lock */,
				F3563CD520A2E94D0030810F /* Sources */,
				F3563CD620A2E94D0030810F /* Frameworks */,
				F3563CD720A2E94D0030810F /* Resources */,
				D813D0CD7DB4DFC9F5FE9B6F /* [CP] Embed Pods Frameworks */,
			);
			buildRules = (
			);
			dependencies = (
			);
			name = RxSwiftSample;
			productName = RxSwiftSample;
			productReference = F3563CD920A2E94D0030810F /* RxSwiftSample.app */;
			productType = "com.apple.product-type.application";
		};
		F3563CEC20A2E94F0030810F /* RxSwiftSampleTests */ = {
			isa = PBXNativeTarget;
			buildConfigurationList = F3563D0420A2E94F0030810F /* Build configuration list for PBXNativeTarget "RxSwiftSampleTests" */;
			buildPhases = (
				257C0DE8AFA6932BDCFB27DA /* [CP] Check Pods Manifest.lock */,
				F3563CE920A2E94F0030810F /* Sources */,
				F3563CEA20A2E94F0030810F /* Frameworks */,
				F3563CEB20A2E94F0030810F /* Resources */,
				F9994AF51D2ECE8EE93C6F18 /* [CP] Embed Pods Frameworks */,
			);
			buildRules = (
			);
			dependencies = (
				F3563CEF20A2E94F0030810F /* PBXTargetDependency */,
			);
			name = RxSwiftSampleTests;
			productName = RxSwiftSampleTests;
			productReference = F3563CED20A2E94F0030810F /* RxSwiftSampleTests.xctest */;
			productType = "com.apple.product-type.bundle.unit-test";
		};
		F3563CF720A2E94F0030810F /* RxSwiftSampleUITests */ = {
			isa = PBXNativeTarget;
			buildConfigurationList = F3563D0720A2E94F0030810F /* Build configuration list for PBXNativeTarget "RxSwiftSampleUITests" */;
			buildPhases = (
				932DCCC61E85BCE856DEB87E /* [CP] Check Pods Manifest.lock */,
				F3563CF420A2E94F0030810F /* Sources */,
				F3563CF520A2E94F0030810F /* Frameworks */,
				F3563CF620A2E94F0030810F /* Resources */,
			);
			buildRules = (
			);
			dependencies = (
				F3563CFA20A2E94F0030810F /* PBXTargetDependency */,
			);
			name = RxSwiftSampleUITests;
			productName = RxSwiftSampleUITests;
			productReference = F3563CF820A2E94F0030810F /* RxSwiftSampleUITests.xctest */;
			productType = "com.apple.product-type.bundle.ui-testing";
		};
/* End PBXNativeTarget section */

/* Begin PBXProject section */
		F3563CD120A2E94D0030810F /* Project object */ = {
			isa = PBXProject;
			attributes = {
				LastSwiftUpdateCheck = 0930;
				LastUpgradeCheck = 0930;
				ORGANIZATIONNAME = htomcat;
				TargetAttributes = {
					F3563CD820A2E94D0030810F = {
						CreatedOnToolsVersion = 9.3;
					};
					F3563CEC20A2E94F0030810F = {
						CreatedOnToolsVersion = 9.3;
						TestTargetID = F3563CD820A2E94D0030810F;
					};
					F3563CF720A2E94F0030810F = {
						CreatedOnToolsVersion = 9.3;
						TestTargetID = F3563CD820A2E94D0030810F;
					};
				};
			};
			buildConfigurationList = F3563CD420A2E94D0030810F /* Build configuration list for PBXProject "RxSwiftSample" */;
			compatibilityVersion = "Xcode 9.3";
			developmentRegion = en;
			hasScannedForEncodings = 0;
			knownRegions = (
				en,
				Base,
			);
			mainGroup = F3563CD020A2E94D0030810F;
			productRefGroup = F3563CDA20A2E94D0030810F /* Products */;
			projectDirPath = "";
			projectRoot = "";
			targets = (
				F3563CD820A2E94D0030810F /* RxSwiftSample */,
				F3563CEC20A2E94F0030810F /* RxSwiftSampleTests */,
				F3563CF720A2E94F0030810F /* RxSwiftSampleUITests */,
			);
		};
/* End PBXProject section */

/* Begin PBXResourcesBuildPhase section */
		F3563CD720A2E94D0030810F /* Resources */ = {
			isa = PBXResourcesBuildPhase;
			buildActionMask = 2147483647;
			files = (
				F3563CE720A2E94E0030810F /* LaunchScreen.storyboard in Resources */,
				F3563CE420A2E94E0030810F /* Assets.xcassets in Resources */,
				F3563CE220A2E94D0030810F /* Main.storyboard in Resources */,
			);
			runOnlyForDeploymentPostprocessing = 0;
		};
		F3563CEB20A2E94F0030810F /* Resources */ = {
			isa = PBXResourcesBuildPhase;
			buildActionMask = 2147483647;
			files = (
			);
			runOnlyForDeploymentPostprocessing = 0;
		};
		F3563CF620A2E94F0030810F /* Resources */ = {
			isa = PBXResourcesBuildPhase;
			buildActionMask = 2147483647;
			files = (
			);
			runOnlyForDeploymentPostprocessing = 0;
		};
/* End PBXResourcesBuildPhase section */

/* Begin PBXShellScriptBuildPhase section */
		257C0DE8AFA6932BDCFB27DA /* [CP] Check Pods Manifest.lock */ = {
			isa = PBXShellScriptBuildPhase;
			buildActionMask = 2147483647;
			files = (
			);
			inputPaths = (
				"${PODS_PODFILE_DIR_PATH}/Podfile.lock",
				"${PODS_ROOT}/Manifest.lock",
			);
			name = "[CP] Check Pods Manifest.lock";
			outputPaths = (
				"$(DERIVED_FILE_DIR)/Pods-RxSwiftSampleTests-checkManifestLockResult.txt",
			);
			runOnlyForDeploymentPostprocessing = 0;
			shellPath = /bin/sh;
			shellScript = "diff \"${PODS_PODFILE_DIR_PATH}/Podfile.lock\" \"${PODS_ROOT}/Manifest.lock\" > /dev/null\nif [ $? != 0 ] ; then\n    # print error to STDERR\n    echo \"error: The sandbox is not in sync with the Podfile.lock. Run 'pod install' or update your CocoaPods installation.\" >&2\n    exit 1\nfi\n# This output is used by Xcode 'outputs' to avoid re-running this script phase.\necho \"SUCCESS\" > \"${SCRIPT_OUTPUT_FILE_0}\"\n";
			showEnvVarsInLog = 0;
		};
		76354D9804B707CB0A18D16C /* [CP] Check Pods Manifest.lock */ = {
			isa = PBXShellScriptBuildPhase;
			buildActionMask = 2147483647;
			files = (
			);
			inputPaths = (
				"${PODS_PODFILE_DIR_PATH}/Podfile.lock",
				"${PODS_ROOT}/Manifest.lock",
			);
			name = "[CP] Check Pods Manifest.lock";
			outputPaths = (
				"$(DERIVED_FILE_DIR)/Pods-RxSwiftSample-checkManifestLockResult.txt",
			);
			runOnlyForDeploymentPostprocessing = 0;
			shellPath = /bin/sh;
			shellScript = "diff \"${PODS_PODFILE_DIR_PATH}/Podfile.lock\" \"${PODS_ROOT}/Manifest.lock\" > /dev/null\nif [ $? != 0 ] ; then\n    # print error to STDERR\n    echo \"error: The sandbox is not in sync with the Podfile.lock. Run 'pod install' or update your CocoaPods installation.\" >&2\n    exit 1\nfi\n# This output is used by Xcode 'outputs' to avoid re-running this script phase.\necho \"SUCCESS\" > \"${SCRIPT_OUTPUT_FILE_0}\"\n";
			showEnvVarsInLog = 0;
		};
		932DCCC61E85BCE856DEB87E /* [CP] Check Pods Manifest.lock */ = {
			isa = PBXShellScriptBuildPhase;
			buildActionMask = 2147483647;
			files = (
			);
			inputPaths = (
				"${PODS_PODFILE_DIR_PATH}/Podfile.lock",
				"${PODS_ROOT}/Manifest.lock",
			);
			name = "[CP] Check Pods Manifest.lock";
			outputPaths = (
				"$(DERIVED_FILE_DIR)/Pods-RxSwiftSampleUITests-checkManifestLockResult.txt",
			);
			runOnlyForDeploymentPostprocessing = 0;
			shellPath = /bin/sh;
			shellScript = "diff \"${PODS_PODFILE_DIR_PATH}/Podfile.lock\" \"${PODS_ROOT}/Manifest.lock\" > /dev/null\nif [ $? != 0 ] ; then\n    # print error to STDERR\n    echo \"error: The sandbox is not in sync with the Podfile.lock. Run 'pod install' or update your CocoaPods installation.\" >&2\n    exit 1\nfi\n# This output is used by Xcode 'outputs' to avoid re-running this script phase.\necho \"SUCCESS\" > \"${SCRIPT_OUTPUT_FILE_0}\"\n";
			showEnvVarsInLog = 0;
		};
		D813D0CD7DB4DFC9F5FE9B6F /* [CP] Embed Pods Frameworks */ = {
			isa = PBXShellScriptBuildPhase;
			buildActionMask = 2147483647;
			files = (
			);
			inputPaths = (
				"${SRCROOT}/Pods/Target Support Files/Pods-RxSwiftSample/Pods-RxSwiftSample-frameworks.sh",
				"${BUILT_PRODUCTS_DIR}/Alamofire/Alamofire.framework",
				"${BUILT_PRODUCTS_DIR}/ObjectMapper/ObjectMapper.framework",
				"${BUILT_PRODUCTS_DIR}/Realm/Realm.framework",
				"${BUILT_PRODUCTS_DIR}/RealmSwift/RealmSwift.framework",
				"${BUILT_PRODUCTS_DIR}/RxCocoa/RxCocoa.framework",
				"${BUILT_PRODUCTS_DIR}/RxRealm/RxRealm.framework",
				"${BUILT_PRODUCTS_DIR}/RxRealmDataSources/RxRealmDataSources.framework",
				"${BUILT_PRODUCTS_DIR}/RxSwift/RxSwift.framework",
			);
			name = "[CP] Embed Pods Frameworks";
			outputPaths = (
				"${TARGET_BUILD_DIR}/${FRAMEWORKS_FOLDER_PATH}/Alamofire.framework",
				"${TARGET_BUILD_DIR}/${FRAMEWORKS_FOLDER_PATH}/ObjectMapper.framework",
				"${TARGET_BUILD_DIR}/${FRAMEWORKS_FOLDER_PATH}/Realm.framework",
				"${TARGET_BUILD_DIR}/${FRAMEWORKS_FOLDER_PATH}/RealmSwift.framework",
				"${TARGET_BUILD_DIR}/${FRAMEWORKS_FOLDER_PATH}/RxCocoa.framework",
				"${TARGET_BUILD_DIR}/${FRAMEWORKS_FOLDER_PATH}/RxRealm.framework",
				"${TARGET_BUILD_DIR}/${FRAMEWORKS_FOLDER_PATH}/RxRealmDataSources.framework",
				"${TARGET_BUILD_DIR}/${FRAMEWORKS_FOLDER_PATH}/RxSwift.framework",
			);
			runOnlyForDeploymentPostprocessing = 0;
			shellPath = /bin/sh;
			shellScript = "\"${SRCROOT}/Pods/Target Support Files/Pods-RxSwiftSample/Pods-RxSwiftSample-frameworks.sh\"\n";
			showEnvVarsInLog = 0;
		};
		F9994AF51D2ECE8EE93C6F18 /* [CP] Embed Pods Frameworks */ = {
			isa = PBXShellScriptBuildPhase;
			buildActionMask = 2147483647;
			files = (
			);
			inputPaths = (
				"${SRCROOT}/Pods/Target Support Files/Pods-RxSwiftSampleTests/Pods-RxSwiftSampleTests-frameworks.sh",
				"${BUILT_PRODUCTS_DIR}/RxSwift/RxSwift.framework",
				"${BUILT_PRODUCTS_DIR}/RxBlocking/RxBlocking.framework",
				"${BUILT_PRODUCTS_DIR}/RxTest/RxTest.framework",
			);
			name = "[CP] Embed Pods Frameworks";
			outputPaths = (
				"${TARGET_BUILD_DIR}/${FRAMEWORKS_FOLDER_PATH}/RxSwift.framework",
				"${TARGET_BUILD_DIR}/${FRAMEWORKS_FOLDER_PATH}/RxBlocking.framework",
				"${TARGET_BUILD_DIR}/${FRAMEWORKS_FOLDER_PATH}/RxTest.framework",
			);
			runOnlyForDeploymentPostprocessing = 0;
			shellPath = /bin/sh;
			shellScript = "\"${SRCROOT}/Pods/Target Support Files/Pods-RxSwiftSampleTests/Pods-RxSwiftSampleTests-frameworks.sh\"\n";
			showEnvVarsInLog = 0;
		};
/* End PBXShellScriptBuildPhase section */

/* Begin PBXSourcesBuildPhase section */
		F3563CD520A2E94D0030810F /* Sources */ = {
			isa = PBXSourcesBuildPhase;
			buildActionMask = 2147483647;
			files = (
				F37A47C320A72D8E007C57C7 /* Event.swift in Sources */,
				F3FB275220AAA5DD00BD3F35 /* GithubAPI.swift in Sources */,
				F392F1AF20AD841B00E88B10 /* EventsFetcher.swift in Sources */,
				F3563CDF20A2E94D0030810F /* ViewController.swift in Sources */,
				F35978B420A5806C00791244 /* ViewModel.swift in Sources */,
				F309778A20B25B4000059133 /* Navigator.swift in Sources */,
				F32663E720B39FDD00CC63B7 /* Storyboard+Utility.swift in Sources */,
				F3F0995020C8B86C0019099F /* EventCellView.swift in Sources */,
				F352817720B1171A00ED16BB /* GithubAccount.swift in Sources */,
				F3563CDD20A2E94D0030810F /* AppDelegate.swift in Sources */,
			);
			runOnlyForDeploymentPostprocessing = 0;
		};
		F3563CE920A2E94F0030810F /* Sources */ = {
			isa = PBXSourcesBuildPhase;
			buildActionMask = 2147483647;
			files = (
				F3563CF220A2E94F0030810F /* RxSwiftSampleTests.swift in Sources */,
			);
			runOnlyForDeploymentPostprocessing = 0;
		};
		F3563CF420A2E94F0030810F /* Sources */ = {
			isa = PBXSourcesBuildPhase;
			buildActionMask = 2147483647;
			files = (
				F3563CFD20A2E94F0030810F /* RxSwiftSampleUITests.swift in Sources */,
			);
			runOnlyForDeploymentPostprocessing = 0;
		};
/* End PBXSourcesBuildPhase section */

/* Begin PBXTargetDependency section */
		F3563CEF20A2E94F0030810F /* PBXTargetDependency */ = {
			isa = PBXTargetDependency;
			target = F3563CD820A2E94D0030810F /* RxSwiftSample */;
			targetProxy = F3563CEE20A2E94F0030810F /* PBXContainerItemProxy */;
		};
		F3563CFA20A2E94F0030810F /* PBXTargetDependency */ = {
			isa = PBXTargetDependency;
			target = F3563CD820A2E94D0030810F /* RxSwiftSample */;
			targetProxy = F3563CF920A2E94F0030810F /* PBXContainerItemProxy */;
		};
/* End PBXTargetDependency section */

/* Begin PBXVariantGroup section */
		F3563CE020A2E94D0030810F /* Main.storyboard */ = {
			isa = PBXVariantGroup;
			children = (
				F3563CE120A2E94D0030810F /* Base */,
			);
			name = Main.storyboard;
			sourceTree = "<group>";
		};
		F3563CE520A2E94E0030810F /* LaunchScreen.storyboard */ = {
			isa = PBXVariantGroup;
			children = (
				F3563CE620A2E94E0030810F /* Base */,
			);
			name = LaunchScreen.storyboard;
			sourceTree = "<group>";
		};
/* End PBXVariantGroup section */

/* Begin XCBuildConfiguration section */
		F3563CFF20A2E94F0030810F /* Debug */ = {
			isa = XCBuildConfiguration;
			buildSettings = {
				ALWAYS_SEARCH_USER_PATHS = NO;
				CLANG_ANALYZER_NONNULL = YES;
				CLANG_ANALYZER_NUMBER_OBJECT_CONVERSION = YES_AGGRESSIVE;
				CLANG_CXX_LANGUAGE_STANDARD = "gnu++14";
				CLANG_CXX_LIBRARY = "libc++";
				CLANG_ENABLE_MODULES = YES;
				CLANG_ENABLE_OBJC_ARC = YES;
				CLANG_ENABLE_OBJC_WEAK = YES;
				CLANG_WARN_BLOCK_CAPTURE_AUTORELEASING = YES;
				CLANG_WARN_BOOL_CONVERSION = YES;
				CLANG_WARN_COMMA = YES;
				CLANG_WARN_CONSTANT_CONVERSION = YES;
				CLANG_WARN_DEPRECATED_OBJC_IMPLEMENTATIONS = YES;
				CLANG_WARN_DIRECT_OBJC_ISA_USAGE = YES_ERROR;
				CLANG_WARN_DOCUMENTATION_COMMENTS = YES;
				CLANG_WARN_EMPTY_BODY = YES;
				CLANG_WARN_ENUM_CONVERSION = YES;
				CLANG_WARN_INFINITE_RECURSION = YES;
				CLANG_WARN_INT_CONVERSION = YES;
				CLANG_WARN_NON_LITERAL_NULL_CONVERSION = YES;
				CLANG_WARN_OBJC_IMPLICIT_RETAIN_SELF = YES;
				CLANG_WARN_OBJC_LITERAL_CONVERSION = YES;
				CLANG_WARN_OBJC_ROOT_CLASS = YES_ERROR;
				CLANG_WARN_RANGE_LOOP_ANALYSIS = YES;
				CLANG_WARN_STRICT_PROTOTYPES = YES;
				CLANG_WARN_SUSPICIOUS_MOVE = YES;
				CLANG_WARN_UNGUARDED_AVAILABILITY = YES_AGGRESSIVE;
				CLANG_WARN_UNREACHABLE_CODE = YES;
				CLANG_WARN__DUPLICATE_METHOD_MATCH = YES;
				CODE_SIGN_IDENTITY = "iPhone Developer";
				COPY_PHASE_STRIP = NO;
				DEBUG_INFORMATION_FORMAT = dwarf;
				ENABLE_STRICT_OBJC_MSGSEND = YES;
				ENABLE_TESTABILITY = YES;
				GCC_C_LANGUAGE_STANDARD = gnu11;
				GCC_DYNAMIC_NO_PIC = NO;
				GCC_NO_COMMON_BLOCKS = YES;
				GCC_OPTIMIZATION_LEVEL = 0;
				GCC_PREPROCESSOR_DEFINITIONS = (
					"DEBUG=1",
					"$(inherited)",
				);
				GCC_WARN_64_TO_32_BIT_CONVERSION = YES;
				GCC_WARN_ABOUT_RETURN_TYPE = YES_ERROR;
				GCC_WARN_UNDECLARED_SELECTOR = YES;
				GCC_WARN_UNINITIALIZED_AUTOS = YES_AGGRESSIVE;
				GCC_WARN_UNUSED_FUNCTION = YES;
				GCC_WARN_UNUSED_VARIABLE = YES;
				IPHONEOS_DEPLOYMENT_TARGET = 11.3;
				MTL_ENABLE_DEBUG_INFO = YES;
				ONLY_ACTIVE_ARCH = YES;
				SDKROOT = iphoneos;
				SWIFT_ACTIVE_COMPILATION_CONDITIONS = DEBUG;
				SWIFT_OPTIMIZATION_LEVEL = "-Onone";
			};
			name = Debug;
		};
		F3563D0020A2E94F0030810F /* Release */ = {
			isa = XCBuildConfiguration;
			buildSettings = {
				ALWAYS_SEARCH_USER_PATHS = NO;
				CLANG_ANALYZER_NONNULL = YES;
				CLANG_ANALYZER_NUMBER_OBJECT_CONVERSION = YES_AGGRESSIVE;
				CLANG_CXX_LANGUAGE_STANDARD = "gnu++14";
				CLANG_CXX_LIBRARY = "libc++";
				CLANG_ENABLE_MODULES = YES;
				CLANG_ENABLE_OBJC_ARC = YES;
				CLANG_ENABLE_OBJC_WEAK = YES;
				CLANG_WARN_BLOCK_CAPTURE_AUTORELEASING = YES;
				CLANG_WARN_BOOL_CONVERSION = YES;
				CLANG_WARN_COMMA = YES;
				CLANG_WARN_CONSTANT_CONVERSION = YES;
				CLANG_WARN_DEPRECATED_OBJC_IMPLEMENTATIONS = YES;
				CLANG_WARN_DIRECT_OBJC_ISA_USAGE = YES_ERROR;
				CLANG_WARN_DOCUMENTATION_COMMENTS = YES;
				CLANG_WARN_EMPTY_BODY = YES;
				CLANG_WARN_ENUM_CONVERSION = YES;
				CLANG_WARN_INFINITE_RECURSION = YES;
				CLANG_WARN_INT_CONVERSION = YES;
				CLANG_WARN_NON_LITERAL_NULL_CONVERSION = YES;
				CLANG_WARN_OBJC_IMPLICIT_RETAIN_SELF = YES;
				CLANG_WARN_OBJC_LITERAL_CONVERSION = YES;
				CLANG_WARN_OBJC_ROOT_CLASS = YES_ERROR;
				CLANG_WARN_RANGE_LOOP_ANALYSIS = YES;
				CLANG_WARN_STRICT_PROTOTYPES = YES;
				CLANG_WARN_SUSPICIOUS_MOVE = YES;
				CLANG_WARN_UNGUARDED_AVAILABILITY = YES_AGGRESSIVE;
				CLANG_WARN_UNREACHABLE_CODE = YES;
				CLANG_WARN__DUPLICATE_METHOD_MATCH = YES;
				CODE_SIGN_IDENTITY = "iPhone Developer";
				COPY_PHASE_STRIP = NO;
				DEBUG_INFORMATION_FORMAT = "dwarf-with-dsym";
				ENABLE_NS_ASSERTIONS = NO;
				ENABLE_STRICT_OBJC_MSGSEND = YES;
				GCC_C_LANGUAGE_STANDARD = gnu11;
				GCC_NO_COMMON_BLOCKS = YES;
				GCC_WARN_64_TO_32_BIT_CONVERSION = YES;
				GCC_WARN_ABOUT_RETURN_TYPE = YES_ERROR;
				GCC_WARN_UNDECLARED_SELECTOR = YES;
				GCC_WARN_UNINITIALIZED_AUTOS = YES_AGGRESSIVE;
				GCC_WARN_UNUSED_FUNCTION = YES;
				GCC_WARN_UNUSED_VARIABLE = YES;
				IPHONEOS_DEPLOYMENT_TARGET = 11.3;
				MTL_ENABLE_DEBUG_INFO = NO;
				SDKROOT = iphoneos;
				SWIFT_COMPILATION_MODE = wholemodule;
				SWIFT_OPTIMIZATION_LEVEL = "-O";
				VALIDATE_PRODUCT = YES;
			};
			name = Release;
		};
		F3563D0220A2E94F0030810F /* Debug */ = {
			isa = XCBuildConfiguration;
			baseConfigurationReference = 718EE31FE6B1C99C730ADB4C /* Pods-RxSwiftSample.debug.xcconfig */;
			buildSettings = {
				ASSETCATALOG_COMPILER_APPICON_NAME = AppIcon;
				CODE_SIGN_STYLE = Automatic;
				INFOPLIST_FILE = RxSwiftSample/Info.plist;
				LD_RUNPATH_SEARCH_PATHS = (
					"$(inherited)",
					"@executable_path/Frameworks",
				);
				PRODUCT_BUNDLE_IDENTIFIER = htomcat.RxSwiftSample;
				PRODUCT_NAME = "$(TARGET_NAME)";
				SWIFT_VERSION = 4.0;
				TARGETED_DEVICE_FAMILY = "1,2";
			};
			name = Debug;
		};
		F3563D0320A2E94F0030810F /* Release */ = {
			isa = XCBuildConfiguration;
			baseConfigurationReference = 094A8D6C7019A85A2B9F37BE /* Pods-RxSwiftSample.release.xcconfig */;
			buildSettings = {
				ASSETCATALOG_COMPILER_APPICON_NAME = AppIcon;
				CODE_SIGN_STYLE = Automatic;
				INFOPLIST_FILE = RxSwiftSample/Info.plist;
				LD_RUNPATH_SEARCH_PATHS = (
					"$(inherited)",
					"@executable_path/Frameworks",
				);
				PRODUCT_BUNDLE_IDENTIFIER = htomcat.RxSwiftSample;
				PRODUCT_NAME = "$(TARGET_NAME)";
				SWIFT_VERSION = 4.0;
				TARGETED_DEVICE_FAMILY = "1,2";
			};
			name = Release;
		};
		F3563D0520A2E94F0030810F /* Debug */ = {
			isa = XCBuildConfiguration;
			baseConfigurationReference = 208E9246876E17797356FCBD /* Pods-RxSwiftSampleTests.debug.xcconfig */;
			buildSettings = {
				ALWAYS_EMBED_SWIFT_STANDARD_LIBRARIES = YES;
				BUNDLE_LOADER = "$(TEST_HOST)";
				CODE_SIGN_STYLE = Automatic;
				INFOPLIST_FILE = RxSwiftSampleTests/Info.plist;
				LD_RUNPATH_SEARCH_PATHS = (
					"$(inherited)",
					"@executable_path/Frameworks",
					"@loader_path/Frameworks",
				);
				PRODUCT_BUNDLE_IDENTIFIER = htomcat.RxSwiftSampleTests;
				PRODUCT_NAME = "$(TARGET_NAME)";
				SWIFT_VERSION = 4.0;
				TARGETED_DEVICE_FAMILY = "1,2";
				TEST_HOST = "$(BUILT_PRODUCTS_DIR)/RxSwiftSample.app/RxSwiftSample";
			};
			name = Debug;
		};
		F3563D0620A2E94F0030810F /* Release */ = {
			isa = XCBuildConfiguration;
			baseConfigurationReference = EED89FB37637092176B70D46 /* Pods-RxSwiftSampleTests.release.xcconfig */;
			buildSettings = {
				ALWAYS_EMBED_SWIFT_STANDARD_LIBRARIES = YES;
				BUNDLE_LOADER = "$(TEST_HOST)";
				CODE_SIGN_STYLE = Automatic;
				INFOPLIST_FILE = RxSwiftSampleTests/Info.plist;
				LD_RUNPATH_SEARCH_PATHS = (
					"$(inherited)",
					"@executable_path/Frameworks",
					"@loader_path/Frameworks",
				);
				PRODUCT_BUNDLE_IDENTIFIER = htomcat.RxSwiftSampleTests;
				PRODUCT_NAME = "$(TARGET_NAME)";
				SWIFT_VERSION = 4.0;
				TARGETED_DEVICE_FAMILY = "1,2";
				TEST_HOST = "$(BUILT_PRODUCTS_DIR)/RxSwiftSample.app/RxSwiftSample";
			};
			name = Release;
		};
		F3563D0820A2E94F0030810F /* Debug */ = {
			isa = XCBuildConfiguration;
			baseConfigurationReference = B02EC42DA8531F123E121F16 /* Pods-RxSwiftSampleUITests.debug.xcconfig */;
			buildSettings = {
				ALWAYS_EMBED_SWIFT_STANDARD_LIBRARIES = YES;
				CODE_SIGN_STYLE = Automatic;
				INFOPLIST_FILE = RxSwiftSampleUITests/Info.plist;
				LD_RUNPATH_SEARCH_PATHS = (
					"$(inherited)",
					"@executable_path/Frameworks",
					"@loader_path/Frameworks",
				);
				PRODUCT_BUNDLE_IDENTIFIER = htomcat.RxSwiftSampleUITests;
				PRODUCT_NAME = "$(TARGET_NAME)";
				SWIFT_VERSION = 4.0;
				TARGETED_DEVICE_FAMILY = "1,2";
				TEST_TARGET_NAME = RxSwiftSample;
			};
			name = Debug;
		};
		F3563D0920A2E94F0030810F /* Release */ = {
			isa = XCBuildConfiguration;
			baseConfigurationReference = 8407347FF30B078951460719 /* Pods-RxSwiftSampleUITests.release.xcconfig */;
			buildSettings = {
				ALWAYS_EMBED_SWIFT_STANDARD_LIBRARIES = YES;
				CODE_SIGN_STYLE = Automatic;
				INFOPLIST_FILE = RxSwiftSampleUITests/Info.plist;
				LD_RUNPATH_SEARCH_PATHS = (
					"$(inherited)",
					"@executable_path/Frameworks",
					"@loader_path/Frameworks",
				);
				PRODUCT_BUNDLE_IDENTIFIER = htomcat.RxSwiftSampleUITests;
				PRODUCT_NAME = "$(TARGET_NAME)";
				SWIFT_VERSION = 4.0;
				TARGETED_DEVICE_FAMILY = "1,2";
				TEST_TARGET_NAME = RxSwiftSample;
			};
			name = Release;
		};
/* End XCBuildConfiguration section */

/* Begin XCConfigurationList section */
		F3563CD420A2E94D0030810F /* Build configuration list for PBXProject "RxSwiftSample" */ = {
			isa = XCConfigurationList;
			buildConfigurations = (
				F3563CFF20A2E94F0030810F /* Debug */,
				F3563D0020A2E94F0030810F /* Release */,
			);
			defaultConfigurationIsVisible = 0;
			defaultConfigurationName = Release;
		};
		F3563D0120A2E94F0030810F /* Build configuration list for PBXNativeTarget "RxSwiftSample" */ = {
			isa = XCConfigurationList;
			buildConfigurations = (
				F3563D0220A2E94F0030810F /* Debug */,
				F3563D0320A2E94F0030810F /* Release */,
			);
			defaultConfigurationIsVisible = 0;
			defaultConfigurationName = Release;
		};
		F3563D0420A2E94F0030810F /* Build configuration list for PBXNativeTarget "RxSwiftSampleTests" */ = {
			isa = XCConfigurationList;
			buildConfigurations = (
				F3563D0520A2E94F0030810F /* Debug */,
				F3563D0620A2E94F0030810F /* Release */,
			);
			defaultConfigurationIsVisible = 0;
			defaultConfigurationName = Release;
		};
		F3563D0720A2E94F0030810F /* Build configuration list for PBXNativeTarget "RxSwiftSampleUITests" */ = {
			isa = XCConfigurationList;
			buildConfigurations = (
				F3563D0820A2E94F0030810F /* Debug */,
				F3563D0920A2E94F0030810F /* Release */,
			);
			defaultConfigurationIsVisible = 0;
			defaultConfigurationName = Release;
		};
/* End XCConfigurationList section */
	};
	rootObject = F3563CD120A2E94D0030810F /* Project object */;
}
